
Microsoft Visual Studio Solution File, Format Version 12.00
# Visual Studio Version 17
VisualStudioVersion = 17.13.35828.75 d17.13
MinimumVisualStudioVersion = 10.0.40219.1
Project("{FAE04EC0-301F-11D3-BF4B-00C04F79EFBC}") = "Libraryapp", "Libraryapp\Libraryapp.csproj", "{560E4E10-E24E-4EB2-845A-ACF12B473529}"
EndProject
Global
	GlobalSection(SolutionConfigurationPlatforms) = preSolution
		Debug|Any CPU = Debug|Any CPU
		Release|Any CPU = Release|Any CPU
	EndGlobalSection
	GlobalSection(ProjectConfigurationPlatforms) = postSolution
		{560E4E10-E24E-4EB2-845A-ACF12B473529}.Debug|Any CPU.ActiveCfg = Debug|Any CPU
		{560E4E10-E24E-4EB2-845A-ACF12B473529}.Debug|Any CPU.Build.0 = Debug|Any CPU
		{560E4E10-E24E-4EB2-845A-ACF12B473529}.Release|Any CPU.ActiveCfg = Release|Any CPU
		{560E4E10-E24E-4EB2-845A-ACF12B473529}.Release|Any CPU.Build.0 = Release|Any CPU
	EndGlobalSection
	GlobalSection(SolutionProperties) = preSolution
		HideSolutionNode = FALSE
	EndGlobalSection
	GlobalSection(ExtensibilityGlobals) = postSolution
		SolutionGuid = {23E1621F-326D-4D6A-A62B-9ECD9BDAEEE5}
	EndGlobalSection
EndGlobal
