
Microsoft Visual Studio Solution File, Format Version 12.00
# Visual Studio Version 17
VisualStudioVersion = 17.11.35327.3
MinimumVisualStudioVersion = 10.0.40219.1
Project("{FAE04EC0-301F-11D3-BF4B-00C04F79EFBC}") = "task10.2", "task10.2\task10.2.csproj", "{861C9B0F-55DD-43C3-9446-EAC1CE3E50A0}"
EndProject
Global
	GlobalSection(SolutionConfigurationPlatforms) = preSolution
		Debug|Any CPU = Debug|Any CPU
		Release|Any CPU = Release|Any CPU
	EndGlobalSection
	GlobalSection(ProjectConfigurationPlatforms) = postSolution
		{861C9B0F-55DD-43C3-9446-EAC1CE3E50A0}.Debug|Any CPU.ActiveCfg = Debug|Any CPU
		{861C9B0F-55DD-43C3-9446-EAC1CE3E50A0}.Debug|Any CPU.Build.0 = Debug|Any CPU
		{861C9B0F-55DD-43C3-9446-EAC1CE3E50A0}.Release|Any CPU.ActiveCfg = Release|Any CPU
		{861C9B0F-55DD-43C3-9446-EAC1CE3E50A0}.Release|Any CPU.Build.0 = Release|Any CPU
	EndGlobalSection
	GlobalSection(SolutionProperties) = preSolution
		HideSolutionNode = FALSE
	EndGlobalSection
	GlobalSection(ExtensibilityGlobals) = postSolution
		SolutionGuid = {829F32F7-433E-4D16-B3B1-9013AF0F4B2C}
	EndGlobalSection
EndGlobal
